
Microsoft Visual Studio Solution File, Format Version 12.00
# Visual Studio Version 17
VisualStudioVersion = 17.3.32825.248
MinimumVisualStudioVersion = 10.0.40219.1
Project("{FAE04EC0-301F-11D3-BF4B-00C04F79EFBC}") = "Variables", "Variables\Variables.csproj", "{0422C861-A461-4E4C-9E50-EAD652E70EBF}"
EndProject
Global
	GlobalSection(SolutionConfigurationPlatforms) = preSolution
		Debug|Any CPU = Debug|Any CPU
		Release|Any CPU = Release|Any CPU
	EndGlobalSection
	GlobalSection(ProjectConfigurationPlatforms) = postSolution
		{0422C861-A461-4E4C-9E50-EAD652E70EBF}.Debug|Any CPU.ActiveCfg = Debug|Any CPU
		{0422C861-A461-4E4C-9E50-EAD652E70EBF}.Debug|Any CPU.Build.0 = Debug|Any CPU
		{0422C861-A461-4E4C-9E50-EAD652E70EBF}.Release|Any CPU.ActiveCfg = Release|Any CPU
		{0422C861-A461-4E4C-9E50-EAD652E70EBF}.Release|Any CPU.Build.0 = Release|Any CPU
	EndGlobalSection
	GlobalSection(SolutionProperties) = preSolution
		HideSolutionNode = FALSE
	EndGlobalSection
	GlobalSection(ExtensibilityGlobals) = postSolution
		SolutionGuid = {EA2F15C4-FAD5-4D6C-88B2-1833B701738F}
	EndGlobalSection
EndGlobal
